
Microsoft Visual Studio Solution File, Format Version 12.00
# Visual Studio 2013
VisualStudioVersion = 12.0.40629.0
MinimumVisualStudioVersion = 10.0.40219.1
Project("{2150E333-8FDC-42A3-9474-1A3956D46DE8}") = "01_RabbitMQOnly", "01_RabbitMQOnly", "{E03462EC-1252-4BE2-B927-B692B4EB1676}"
EndProject
Project("{FAE04EC0-301F-11D3-BF4B-00C04F79EFBC}") = "Sender", "01_RabbitMQOnly\Sender\Sender.csproj", "{4435CDE4-CB1B-44FA-A844-FE0B32F53B9B}"
EndProject
Project("{FAE04EC0-301F-11D3-BF4B-00C04F79EFBC}") = "Receiver", "01_RabbitMQOnly\Receiver\Receiver.csproj", "{2210719C-A2DB-418F-8154-AAA5620124CE}"
EndProject
Project("{2150E333-8FDC-42A3-9474-1A3956D46DE8}") = "02_RabbitMQAndMassTransit", "02_RabbitMQAndMassTransit", "{131210DA-F5AA-41BA-B9D2-B636CDFB88FD}"
EndProject
Project("{FAE04EC0-301F-11D3-BF4B-00C04F79EFBC}") = "Contracts", "02_RabbitMQAndMassTransit\Contracts\Contracts.csproj", "{BFC7E3AC-3A8E-4F6D-8DF0-3CC684BBC56C}"
EndProject
Project("{FAE04EC0-301F-11D3-BF4B-00C04F79EFBC}") = "Sender", "02_RabbitMQAndMassTransit\Sender\Sender.csproj", "{4D5801E3-9B0C-4954-A585-FF4AA67F4D5F}"
EndProject
Project("{FAE04EC0-301F-11D3-BF4B-00C04F79EFBC}") = "Receiver", "02_RabbitMQAndMassTransit\Receiver\Receiver.csproj", "{25429221-DA5E-49AD-9290-69B3D326D3DA}"
EndProject
Project("{2150E333-8FDC-42A3-9474-1A3956D46DE8}") = "03_Clustering", "03_Clustering", "{774194A6-7378-42F7-85C8-B9D8A9083230}"
	ProjectSection(SolutionItems) = preProject
		HowTo.txt = HowTo.txt
	EndProjectSection
EndProject
Project("{FAE04EC0-301F-11D3-BF4B-00C04F79EFBC}") = "Contracts", "03_Clustering\Contracts\Contracts.csproj", "{31D22A83-A91E-48A2-9E44-8A2DBDEF1F60}"
EndProject
Project("{FAE04EC0-301F-11D3-BF4B-00C04F79EFBC}") = "Receiver", "03_Clustering\Receiver\Receiver.csproj", "{13630857-ABAF-439D-8D69-4B583B128C63}"
EndProject
Project("{FAE04EC0-301F-11D3-BF4B-00C04F79EFBC}") = "Sender", "03_Clustering\Sender\Sender.csproj", "{562B29BE-BAEC-43EE-A274-8A5BCB8934CC}"
EndProject
Global
	GlobalSection(SolutionConfigurationPlatforms) = preSolution
		Debug|Any CPU = Debug|Any CPU
		Release|Any CPU = Release|Any CPU
	EndGlobalSection
	GlobalSection(ProjectConfigurationPlatforms) = postSolution
		{4435CDE4-CB1B-44FA-A844-FE0B32F53B9B}.Debug|Any CPU.ActiveCfg = Debug|Any CPU
		{4435CDE4-CB1B-44FA-A844-FE0B32F53B9B}.Debug|Any CPU.Build.0 = Debug|Any CPU
		{4435CDE4-CB1B-44FA-A844-FE0B32F53B9B}.Release|Any CPU.ActiveCfg = Release|Any CPU
		{4435CDE4-CB1B-44FA-A844-FE0B32F53B9B}.Release|Any CPU.Build.0 = Release|Any CPU
		{2210719C-A2DB-418F-8154-AAA5620124CE}.Debug|Any CPU.ActiveCfg = Debug|Any CPU
		{2210719C-A2DB-418F-8154-AAA5620124CE}.Debug|Any CPU.Build.0 = Debug|Any CPU
		{2210719C-A2DB-418F-8154-AAA5620124CE}.Release|Any CPU.ActiveCfg = Release|Any CPU
		{2210719C-A2DB-418F-8154-AAA5620124CE}.Release|Any CPU.Build.0 = Release|Any CPU
		{BFC7E3AC-3A8E-4F6D-8DF0-3CC684BBC56C}.Debug|Any CPU.ActiveCfg = Debug|Any CPU
		{BFC7E3AC-3A8E-4F6D-8DF0-3CC684BBC56C}.Debug|Any CPU.Build.0 = Debug|Any CPU
		{BFC7E3AC-3A8E-4F6D-8DF0-3CC684BBC56C}.Release|Any CPU.ActiveCfg = Release|Any CPU
		{BFC7E3AC-3A8E-4F6D-8DF0-3CC684BBC56C}.Release|Any CPU.Build.0 = Release|Any CPU
		{4D5801E3-9B0C-4954-A585-FF4AA67F4D5F}.Debug|Any CPU.ActiveCfg = Debug|Any CPU
		{4D5801E3-9B0C-4954-A585-FF4AA67F4D5F}.Debug|Any CPU.Build.0 = Debug|Any CPU
		{4D5801E3-9B0C-4954-A585-FF4AA67F4D5F}.Release|Any CPU.ActiveCfg = Release|Any CPU
		{4D5801E3-9B0C-4954-A585-FF4AA67F4D5F}.Release|Any CPU.Build.0 = Release|Any CPU
		{25429221-DA5E-49AD-9290-69B3D326D3DA}.Debug|Any CPU.ActiveCfg = Debug|Any CPU
		{25429221-DA5E-49AD-9290-69B3D326D3DA}.Debug|Any CPU.Build.0 = Debug|Any CPU
		{25429221-DA5E-49AD-9290-69B3D326D3DA}.Release|Any CPU.ActiveCfg = Release|Any CPU
		{25429221-DA5E-49AD-9290-69B3D326D3DA}.Release|Any CPU.Build.0 = Release|Any CPU
		{31D22A83-A91E-48A2-9E44-8A2DBDEF1F60}.Debug|Any CPU.ActiveCfg = Debug|Any CPU
		{31D22A83-A91E-48A2-9E44-8A2DBDEF1F60}.Debug|Any CPU.Build.0 = Debug|Any CPU
		{31D22A83-A91E-48A2-9E44-8A2DBDEF1F60}.Release|Any CPU.ActiveCfg = Release|Any CPU
		{31D22A83-A91E-48A2-9E44-8A2DBDEF1F60}.Release|Any CPU.Build.0 = Release|Any CPU
		{13630857-ABAF-439D-8D69-4B583B128C63}.Debug|Any CPU.ActiveCfg = Debug|Any CPU
		{13630857-ABAF-439D-8D69-4B583B128C63}.Debug|Any CPU.Build.0 = Debug|Any CPU
		{13630857-ABAF-439D-8D69-4B583B128C63}.Release|Any CPU.ActiveCfg = Release|Any CPU
		{13630857-ABAF-439D-8D69-4B583B128C63}.Release|Any CPU.Build.0 = Release|Any CPU
		{562B29BE-BAEC-43EE-A274-8A5BCB8934CC}.Debug|Any CPU.ActiveCfg = Debug|Any CPU
		{562B29BE-BAEC-43EE-A274-8A5BCB8934CC}.Debug|Any CPU.Build.0 = Debug|Any CPU
		{562B29BE-BAEC-43EE-A274-8A5BCB8934CC}.Release|Any CPU.ActiveCfg = Release|Any CPU
		{562B29BE-BAEC-43EE-A274-8A5BCB8934CC}.Release|Any CPU.Build.0 = Release|Any CPU
	EndGlobalSection
	GlobalSection(SolutionProperties) = preSolution
		HideSolutionNode = FALSE
	EndGlobalSection
	GlobalSection(NestedProjects) = preSolution
		{4435CDE4-CB1B-44FA-A844-FE0B32F53B9B} = {E03462EC-1252-4BE2-B927-B692B4EB1676}
		{2210719C-A2DB-418F-8154-AAA5620124CE} = {E03462EC-1252-4BE2-B927-B692B4EB1676}
		{BFC7E3AC-3A8E-4F6D-8DF0-3CC684BBC56C} = {131210DA-F5AA-41BA-B9D2-B636CDFB88FD}
		{4D5801E3-9B0C-4954-A585-FF4AA67F4D5F} = {131210DA-F5AA-41BA-B9D2-B636CDFB88FD}
		{25429221-DA5E-49AD-9290-69B3D326D3DA} = {131210DA-F5AA-41BA-B9D2-B636CDFB88FD}
		{31D22A83-A91E-48A2-9E44-8A2DBDEF1F60} = {774194A6-7378-42F7-85C8-B9D8A9083230}
		{13630857-ABAF-439D-8D69-4B583B128C63} = {774194A6-7378-42F7-85C8-B9D8A9083230}
		{562B29BE-BAEC-43EE-A274-8A5BCB8934CC} = {774194A6-7378-42F7-85C8-B9D8A9083230}
	EndGlobalSection
EndGlobal
